
Microsoft Visual Studio Solution File, Format Version 12.00
# Visual Studio Version 17
VisualStudioVersion = 17.8.34408.163
MinimumVisualStudioVersion = 10.0.40219.1
Project("{FAE04EC0-301F-11D3-BF4B-00C04F79EFBC}") = "Product", "Product\Product.csproj", "{747E2ACA-75B4-4C3F-AC85-2C956B53FC7F}"
EndProject
Global
	GlobalSection(SolutionConfigurationPlatforms) = preSolution
		Debug|Any CPU = Debug|Any CPU
		Release|Any CPU = Release|Any CPU
	EndGlobalSection
	GlobalSection(ProjectConfigurationPlatforms) = postSolution
		{747E2ACA-75B4-4C3F-AC85-2C956B53FC7F}.Debug|Any CPU.ActiveCfg = Debug|Any CPU
		{747E2ACA-75B4-4C3F-AC85-2C956B53FC7F}.Debug|Any CPU.Build.0 = Debug|Any CPU
		{747E2ACA-75B4-4C3F-AC85-2C956B53FC7F}.Release|Any CPU.ActiveCfg = Release|Any CPU
		{747E2ACA-75B4-4C3F-AC85-2C956B53FC7F}.Release|Any CPU.Build.0 = Release|Any CPU
	EndGlobalSection
	GlobalSection(SolutionProperties) = preSolution
		HideSolutionNode = FALSE
	EndGlobalSection
	GlobalSection(ExtensibilityGlobals) = postSolution
		SolutionGuid = {D3BC11B9-B88B-44AD-93C4-5CACC4CF3564}
	EndGlobalSection
EndGlobal
